// !$*UTF8*$!
{
	archiveVersion = 1;
	classes = {
	};
	objectVersion = 46;
	objects = {

/* Begin PBXBuildFile section */
		04CA0A881A591941002C6CF3 /* AppDelegate.swift in Sources */ = {isa = PBXBuildFile; fileRef = 04CA0A871A591941002C6CF3 /* AppDelegate.swift */; };
		04CA0A8A1A591941002C6CF3 /* ViewController.swift in Sources */ = {isa = PBXBuildFile; fileRef = 04CA0A891A591941002C6CF3 /* ViewController.swift */; };
		04CA0A8D1A591941002C6CF3 /* Main.storyboard in Resources */ = {isa = PBXBuildFile; fileRef = 04CA0A8B1A591941002C6CF3 /* Main.storyboard */; };
		04CA0A8F1A591941002C6CF3 /* Images.xcassets in Resources */ = {isa = PBXBuildFile; fileRef = 04CA0A8E1A591941002C6CF3 /* Images.xcassets */; };
		04CA0A921A591941002C6CF3 /* LaunchScreen.xib in Resources */ = {isa = PBXBuildFile; fileRef = 04CA0A901A591941002C6CF3 /* LaunchScreen.xib */; };
		04CA0A9E1A591941002C6CF3 /* stripeexampleTests.swift in Sources */ = {isa = PBXBuildFile; fileRef = 04CA0A9D1A591941002C6CF3 /* stripeexampleTests.swift */; };
		04CA0ABC1A591A69002C6CF3 /* Stripe+ApplePay.m in Sources */ = {isa = PBXBuildFile; fileRef = 04CA0AAA1A591A69002C6CF3 /* Stripe+ApplePay.m */; };
		04CA0ABD1A591A69002C6CF3 /* STPAPIConnection.m in Sources */ = {isa = PBXBuildFile; fileRef = 04CA0AAC1A591A69002C6CF3 /* STPAPIConnection.m */; };
		04CA0ABE1A591A69002C6CF3 /* STPBankAccount.m in Sources */ = {isa = PBXBuildFile; fileRef = 04CA0AAE1A591A69002C6CF3 /* STPBankAccount.m */; };
		04CA0ABF1A591A69002C6CF3 /* STPCard.m in Sources */ = {isa = PBXBuildFile; fileRef = 04CA0AB01A591A69002C6CF3 /* STPCard.m */; };
		04CA0AC01A591A69002C6CF3 /* STPToken.m in Sources */ = {isa = PBXBuildFile; fileRef = 04CA0AB31A591A69002C6CF3 /* STPToken.m */; };
		04CA0AC11A591A69002C6CF3 /* STPUtils.m in Sources */ = {isa = PBXBuildFile; fileRef = 04CA0AB51A591A69002C6CF3 /* STPUtils.m */; };
		04CA0AC21A591A69002C6CF3 /* Stripe.m in Sources */ = {isa = PBXBuildFile; fileRef = 04CA0AB71A591A69002C6CF3 /* Stripe.m */; };
		04CA0AC31A591A69002C6CF3 /* StripeError.m in Sources */ = {isa = PBXBuildFile; fileRef = 04CA0AB91A591A69002C6CF3 /* StripeError.m */; };
		04CA0AC51A591A8F002C6CF3 /* Security.framework in Frameworks */ = {isa = PBXBuildFile; fileRef = 04CA0AC41A591A8F002C6CF3 /* Security.framework */; };
		04CA0AC71A591AA1002C6CF3 /* Foundation.framework in Frameworks */ = {isa = PBXBuildFile; fileRef = 04CA0AC61A591AA1002C6CF3 /* Foundation.framework */; };
		04CA0AC91A591AA8002C6CF3 /* PassKit.framework in Frameworks */ = {isa = PBXBuildFile; fileRef = 04CA0AC81A591AA8002C6CF3 /* PassKit.framework */; settings = {ATTRIBUTES = (Weak, ); }; };
/* End PBXBuildFile section */

/* Begin PBXContainerItemProxy section */
		04CA0A981A591941002C6CF3 /* PBXContainerItemProxy */ = {
			isa = PBXContainerItemProxy;
			containerPortal = 04CA0A7A1A591941002C6CF3 /* Project object */;
			proxyType = 1;
			remoteGlobalIDString = 04CA0A811A591941002C6CF3;
			remoteInfo = stripeexample;
		};
/* End PBXContainerItemProxy section */

/* Begin PBXFileReference section */
		04CA0A821A591941002C6CF3 /* stripeexample.app */ = {isa = PBXFileReference; explicitFileType = wrapper.application; includeInIndex = 0; path = stripeexample.app; sourceTree = BUILT_PRODUCTS_DIR; };
		04CA0A861A591941002C6CF3 /* Info.plist */ = {isa = PBXFileReference; lastKnownFileType = text.plist.xml; path = Info.plist; sourceTree = "<group>"; };
		04CA0A871A591941002C6CF3 /* AppDelegate.swift */ = {isa = PBXFileReference; lastKnownFileType = sourcecode.swift; path = AppDelegate.swift; sourceTree = "<group>"; };
		04CA0A891A591941002C6CF3 /* ViewController.swift */ = {isa = PBXFileReference; lastKnownFileType = sourcecode.swift; path = ViewController.swift; sourceTree = "<group>"; };
		04CA0A8C1A591941002C6CF3 /* Base */ = {isa = PBXFileReference; lastKnownFileType = file.storyboard; name = Base; path = Base.lproj/Main.storyboard; sourceTree = "<group>"; };
		04CA0A8E1A591941002C6CF3 /* Images.xcassets */ = {isa = PBXFileReference; lastKnownFileType = folder.assetcatalog; path = Images.xcassets; sourceTree = "<group>"; };
		04CA0A911A591941002C6CF3 /* Base */ = {isa = PBXFileReference; lastKnownFileType = file.xib; name = Base; path = Base.lproj/LaunchScreen.xib; sourceTree = "<group>"; };
		04CA0A971A591941002C6CF3 /* stripeexampleTests.xctest */ = {isa = PBXFileReference; explicitFileType = wrapper.cfbundle; includeInIndex = 0; path = stripeexampleTests.xctest; sourceTree = BUILT_PRODUCTS_DIR; };
		04CA0A9C1A591941002C6CF3 /* Info.plist */ = {isa = PBXFileReference; lastKnownFileType = text.plist.xml; path = Info.plist; sourceTree = "<group>"; };
		04CA0A9D1A591941002C6CF3 /* stripeexampleTests.swift */ = {isa = PBXFileReference; lastKnownFileType = sourcecode.swift; path = stripeexampleTests.swift; sourceTree = "<group>"; };
		04CA0AA91A591A69002C6CF3 /* Stripe+ApplePay.h */ = {isa = PBXFileReference; fileEncoding = 4; lastKnownFileType = sourcecode.c.h; path = "Stripe+ApplePay.h"; sourceTree = "<group>"; };
		04CA0AAA1A591A69002C6CF3 /* Stripe+ApplePay.m */ = {isa = PBXFileReference; fileEncoding = 4; lastKnownFileType = sourcecode.c.objc; path = "Stripe+ApplePay.m"; sourceTree = "<group>"; };
		04CA0AAB1A591A69002C6CF3 /* STPAPIConnection.h */ = {isa = PBXFileReference; fileEncoding = 4; lastKnownFileType = sourcecode.c.h; path = STPAPIConnection.h; sourceTree = "<group>"; };
		04CA0AAC1A591A69002C6CF3 /* STPAPIConnection.m */ = {isa = PBXFileReference; fileEncoding = 4; lastKnownFileType = sourcecode.c.objc; path = STPAPIConnection.m; sourceTree = "<group>"; };
		04CA0AAD1A591A69002C6CF3 /* STPBankAccount.h */ = {isa = PBXFileReference; fileEncoding = 4; lastKnownFileType = sourcecode.c.h; path = STPBankAccount.h; sourceTree = "<group>"; };
		04CA0AAE1A591A69002C6CF3 /* STPBankAccount.m */ = {isa = PBXFileReference; fileEncoding = 4; lastKnownFileType = sourcecode.c.objc; path = STPBankAccount.m; sourceTree = "<group>"; };
		04CA0AAF1A591A69002C6CF3 /* STPCard.h */ = {isa = PBXFileReference; fileEncoding = 4; lastKnownFileType = sourcecode.c.h; path = STPCard.h; sourceTree = "<group>"; };
		04CA0AB01A591A69002C6CF3 /* STPCard.m */ = {isa = PBXFileReference; fileEncoding = 4; lastKnownFileType = sourcecode.c.objc; path = STPCard.m; sourceTree = "<group>"; };
		04CA0AB11A591A69002C6CF3 /* STPFormEncodeProtocol.h */ = {isa = PBXFileReference; fileEncoding = 4; lastKnownFileType = sourcecode.c.h; path = STPFormEncodeProtocol.h; sourceTree = "<group>"; };
		04CA0AB21A591A69002C6CF3 /* STPToken.h */ = {isa = PBXFileReference; fileEncoding = 4; lastKnownFileType = sourcecode.c.h; path = STPToken.h; sourceTree = "<group>"; };
		04CA0AB31A591A69002C6CF3 /* STPToken.m */ = {isa = PBXFileReference; fileEncoding = 4; lastKnownFileType = sourcecode.c.objc; path = STPToken.m; sourceTree = "<group>"; };
		04CA0AB41A591A69002C6CF3 /* STPUtils.h */ = {isa = PBXFileReference; fileEncoding = 4; lastKnownFileType = sourcecode.c.h; path = STPUtils.h; sourceTree = "<group>"; };
		04CA0AB51A591A69002C6CF3 /* STPUtils.m */ = {isa = PBXFileReference; fileEncoding = 4; lastKnownFileType = sourcecode.c.objc; path = STPUtils.m; sourceTree = "<group>"; };
		04CA0AB61A591A69002C6CF3 /* Stripe.h */ = {isa = PBXFileReference; fileEncoding = 4; lastKnownFileType = sourcecode.c.h; path = Stripe.h; sourceTree = "<group>"; };
		04CA0AB71A591A69002C6CF3 /* Stripe.m */ = {isa = PBXFileReference; fileEncoding = 4; lastKnownFileType = sourcecode.c.objc; path = Stripe.m; sourceTree = "<group>"; };
		04CA0AB81A591A69002C6CF3 /* StripeError.h */ = {isa = PBXFileReference; fileEncoding = 4; lastKnownFileType = sourcecode.c.h; path = StripeError.h; sourceTree = "<group>"; };
		04CA0AB91A591A69002C6CF3 /* StripeError.m */ = {isa = PBXFileReference; fileEncoding = 4; lastKnownFileType = sourcecode.c.objc; path = StripeError.m; sourceTree = "<group>"; };
		04CA0ABB1A591A69002C6CF3 /* Stripe-Prefix.pch */ = {isa = PBXFileReference; fileEncoding = 4; lastKnownFileType = sourcecode.c.h; path = "Stripe-Prefix.pch"; sourceTree = "<group>"; };
		04CA0AC41A591A8F002C6CF3 /* Security.framework */ = {isa = PBXFileReference; lastKnownFileType = wrapper.framework; name = Security.framework; path = System/Library/Frameworks/Security.framework; sourceTree = SDKROOT; };
		04CA0AC61A591AA1002C6CF3 /* Foundation.framework */ = {isa = PBXFileReference; lastKnownFileType = wrapper.framework; name = Foundation.framework; path = System/Library/Frameworks/Foundation.framework; sourceTree = SDKROOT; };
		04CA0AC81A591AA8002C6CF3 /* PassKit.framework */ = {isa = PBXFileReference; lastKnownFileType = wrapper.framework; name = PassKit.framework; path = System/Library/Frameworks/PassKit.framework; sourceTree = SDKROOT; };
		04CA0ACA1A591C94002C6CF3 /* stripeexample-Bridging-Header.h */ = {isa = PBXFileReference; lastKnownFileType = sourcecode.c.h; path = "stripeexample-Bridging-Header.h"; sourceTree = "<group>"; };
/* End PBXFileReference section */

/* Begin PBXFrameworksBuildPhase section */
		04CA0A7F1A591941002C6CF3 /* Frameworks */ = {
			isa = PBXFrameworksBuildPhase;
			buildActionMask = 2147483647;
			files = (
				04CA0AC91A591AA8002C6CF3 /* PassKit.framework in Frameworks */,
				04CA0AC71A591AA1002C6CF3 /* Foundation.framework in Frameworks */,
				04CA0AC51A591A8F002C6CF3 /* Security.framework in Frameworks */,
			);
			runOnlyForDeploymentPostprocessing = 0;
		};
		04CA0A941A591941002C6CF3 /* Frameworks */ = {
			isa = PBXFrameworksBuildPhase;
			buildActionMask = 2147483647;
			files = (
			);
			runOnlyForDeploymentPostprocessing = 0;
		};
/* End PBXFrameworksBuildPhase section */

/* Begin PBXGroup section */
		04CA0A791A591941002C6CF3 = {
			isa = PBXGroup;
			children = (
				04CA0AC81A591AA8002C6CF3 /* PassKit.framework */,
				04CA0AC61A591AA1002C6CF3 /* Foundation.framework */,
				04CA0AC41A591A8F002C6CF3 /* Security.framework */,
				04CA0A841A591941002C6CF3 /* stripeexample */,
				04CA0A9A1A591941002C6CF3 /* stripeexampleTests */,
				04CA0A831A591941002C6CF3 /* Products */,
			);
			sourceTree = "<group>";
		};
		04CA0A831A591941002C6CF3 /* Products */ = {
			isa = PBXGroup;
			children = (
				04CA0A821A591941002C6CF3 /* stripeexample.app */,
				04CA0A971A591941002C6CF3 /* stripeexampleTests.xctest */,
			);
			name = Products;
			sourceTree = "<group>";
		};
		04CA0A841A591941002C6CF3 /* stripeexample */ = {
			isa = PBXGroup;
			children = (
				04CA0AA71A591A69002C6CF3 /* Stripe */,
				04CA0A871A591941002C6CF3 /* AppDelegate.swift */,
				04CA0A891A591941002C6CF3 /* ViewController.swift */,
				04CA0A8B1A591941002C6CF3 /* Main.storyboard */,
				04CA0A8E1A591941002C6CF3 /* Images.xcassets */,
				04CA0A901A591941002C6CF3 /* LaunchScreen.xib */,
				04CA0A851A591941002C6CF3 /* Supporting Files */,
				04CA0ACA1A591C94002C6CF3 /* stripeexample-Bridging-Header.h */,
			);
			path = stripeexample;
			sourceTree = "<group>";
		};
		04CA0A851A591941002C6CF3 /* Supporting Files */ = {
			isa = PBXGroup;
			children = (
				04CA0A861A591941002C6CF3 /* Info.plist */,
			);
			name = "Supporting Files";
			sourceTree = "<group>";
		};
		04CA0A9A1A591941002C6CF3 /* stripeexampleTests */ = {
			isa = PBXGroup;
			children = (
				04CA0A9D1A591941002C6CF3 /* stripeexampleTests.swift */,
				04CA0A9B1A591941002C6CF3 /* Supporting Files */,
			);
			path = stripeexampleTests;
			sourceTree = "<group>";
		};
		04CA0A9B1A591941002C6CF3 /* Supporting Files */ = {
			isa = PBXGroup;
			children = (
				04CA0A9C1A591941002C6CF3 /* Info.plist */,
			);
			name = "Supporting Files";
			sourceTree = "<group>";
		};
		04CA0AA71A591A69002C6CF3 /* Stripe */ = {
			isa = PBXGroup;
			children = (
				04CA0AA81A591A69002C6CF3 /* ApplePay */,
				04CA0AAB1A591A69002C6CF3 /* STPAPIConnection.h */,
				04CA0AAC1A591A69002C6CF3 /* STPAPIConnection.m */,
				04CA0AAD1A591A69002C6CF3 /* STPBankAccount.h */,
				04CA0AAE1A591A69002C6CF3 /* STPBankAccount.m */,
				04CA0AAF1A591A69002C6CF3 /* STPCard.h */,
				04CA0AB01A591A69002C6CF3 /* STPCard.m */,
				04CA0AB11A591A69002C6CF3 /* STPFormEncodeProtocol.h */,
				04CA0AB21A591A69002C6CF3 /* STPToken.h */,
				04CA0AB31A591A69002C6CF3 /* STPToken.m */,
				04CA0AB41A591A69002C6CF3 /* STPUtils.h */,
				04CA0AB51A591A69002C6CF3 /* STPUtils.m */,
				04CA0AB61A591A69002C6CF3 /* Stripe.h */,
				04CA0AB71A591A69002C6CF3 /* Stripe.m */,
				04CA0AB81A591A69002C6CF3 /* StripeError.h */,
				04CA0AB91A591A69002C6CF3 /* StripeError.m */,
				04CA0ABA1A591A69002C6CF3 /* Supporting Files */,
			);
			path = Stripe;
			sourceTree = "<group>";
		};
		04CA0AA81A591A69002C6CF3 /* ApplePay */ = {
			isa = PBXGroup;
			children = (
				04CA0AA91A591A69002C6CF3 /* Stripe+ApplePay.h */,
				04CA0AAA1A591A69002C6CF3 /* Stripe+ApplePay.m */,
			);
			path = ApplePay;
			sourceTree = "<group>";
		};
		04CA0ABA1A591A69002C6CF3 /* Supporting Files */ = {
			isa = PBXGroup;
			children = (
				04CA0ABB1A591A69002C6CF3 /* Stripe-Prefix.pch */,
			);
			path = "Supporting Files";
			sourceTree = "<group>";
		};
/* End PBXGroup section */

/* Begin PBXNativeTarget section */
		04CA0A811A591941002C6CF3 /* stripeexample */ = {
			isa = PBXNativeTarget;
			buildConfigurationList = 04CA0AA11A591941002C6CF3 /* Build configuration list for PBXNativeTarget "stripeexample" */;
			buildPhases = (
				04CA0A7E1A591941002C6CF3 /* Sources */,
				04CA0A7F1A591941002C6CF3 /* Frameworks */,
				04CA0A801A591941002C6CF3 /* Resources */,
			);
			buildRules = (
			);
			dependencies = (
			);
			name = stripeexample;
			productName = stripeexample;
			productReference = 04CA0A821A591941002C6CF3 /* stripeexample.app */;
			productType = "com.apple.product-type.application";
		};
		04CA0A961A591941002C6CF3 /* stripeexampleTests */ = {
			isa = PBXNativeTarget;
			buildConfigurationList = 04CA0AA41A591941002C6CF3 /* Build configuration list for PBXNativeTarget "stripeexampleTests" */;
			buildPhases = (
				04CA0A931A591941002C6CF3 /* Sources */,
				04CA0A941A591941002C6CF3 /* Frameworks */,
				04CA0A951A591941002C6CF3 /* Resources */,
			);
			buildRules = (
			);
			dependencies = (
				04CA0A991A591941002C6CF3 /* PBXTargetDependency */,
			);
			name = stripeexampleTests;
			productName = stripeexampleTests;
			productReference = 04CA0A971A591941002C6CF3 /* stripeexampleTests.xctest */;
			productType = "com.apple.product-type.bundle.unit-test";
		};
/* End PBXNativeTarget section */

/* Begin PBXProject section */
		04CA0A7A1A591941002C6CF3 /* Project object */ = {
			isa = PBXProject;
			attributes = {
				LastUpgradeCheck = 0610;
				ORGANIZATIONNAME = "MEGHA GULATI";
				TargetAttributes = {
					04CA0A811A591941002C6CF3 = {
						CreatedOnToolsVersion = 6.1.1;
					};
					04CA0A961A591941002C6CF3 = {
						CreatedOnToolsVersion = 6.1.1;
						TestTargetID = 04CA0A811A591941002C6CF3;
					};
				};
			};
			buildConfigurationList = 04CA0A7D1A591941002C6CF3 /* Build configuration list for PBXProject "stripeexample" */;
			compatibilityVersion = "Xcode 3.2";
			developmentRegion = English;
			hasScannedForEncodings = 0;
			knownRegions = (
				en,
				Base,
			);
			mainGroup = 04CA0A791A591941002C6CF3;
			productRefGroup = 04CA0A831A591941002C6CF3 /* Products */;
			projectDirPath = "";
			projectRoot = "";
			targets = (
				04CA0A811A591941002C6CF3 /* stripeexample */,
				04CA0A961A591941002C6CF3 /* stripeexampleTests */,
			);
		};
/* End PBXProject section */

/* Begin PBXResourcesBuildPhase section */
		04CA0A801A591941002C6CF3 /* Resources */ = {
			isa = PBXResourcesBuildPhase;
			buildActionMask = 2147483647;
			files = (
				04CA0A8D1A591941002C6CF3 /* Main.storyboard in Resources */,
				04CA0A921A591941002C6CF3 /* LaunchScreen.xib in Resources */,
				04CA0A8F1A591941002C6CF3 /* Images.xcassets in Resources */,
			);
			runOnlyForDeploymentPostprocessing = 0;
		};
		04CA0A951A591941002C6CF3 /* Resources */ = {
			isa = PBXResourcesBuildPhase;
			buildActionMask = 2147483647;
			files = (
			);
			runOnlyForDeploymentPostprocessing = 0;
		};
/* End PBXResourcesBuildPhase section */

/* Begin PBXSourcesBuildPhase section */
		04CA0A7E1A591941002C6CF3 /* Sources */ = {
			isa = PBXSourcesBuildPhase;
			buildActionMask = 2147483647;
			files = (
				04CA0ABC1A591A69002C6CF3 /* Stripe+ApplePay.m in Sources */,
				04CA0AC21A591A69002C6CF3 /* Stripe.m in Sources */,
				04CA0A8A1A591941002C6CF3 /* ViewController.swift in Sources */,
				04CA0AC01A591A69002C6CF3 /* STPToken.m in Sources */,
				04CA0ABD1A591A69002C6CF3 /* STPAPIConnection.m in Sources */,
				04CA0ABF1A591A69002C6CF3 /* STPCard.m in Sources */,
				04CA0AC11A591A69002C6CF3 /* STPUtils.m in Sources */,
				04CA0AC31A591A69002C6CF3 /* StripeError.m in Sources */,
				04CA0A881A591941002C6CF3 /* AppDelegate.swift in Sources */,
				04CA0ABE1A591A69002C6CF3 /* STPBankAccount.m in Sources */,
			);
			runOnlyForDeploymentPostprocessing = 0;
		};
		04CA0A931A591941002C6CF3 /* Sources */ = {
			isa = PBXSourcesBuildPhase;
			buildActionMask = 2147483647;
			files = (
				04CA0A9E1A591941002C6CF3 /* stripeexampleTests.swift in Sources */,
			);
			runOnlyForDeploymentPostprocessing = 0;
		};
/* End PBXSourcesBuildPhase section */

/* Begin PBXTargetDependency section */
		04CA0A991A591941002C6CF3 /* PBXTargetDependency */ = {
			isa = PBXTargetDependency;
			target = 04CA0A811A591941002C6CF3 /* stripeexample */;
			targetProxy = 04CA0A981A591941002C6CF3 /* PBXContainerItemProxy */;
		};
/* End PBXTargetDependency section */

/* Begin PBXVariantGroup section */
		04CA0A8B1A591941002C6CF3 /* Main.storyboard */ = {
			isa = PBXVariantGroup;
			children = (
				04CA0A8C1A591941002C6CF3 /* Base */,
			);
			name = Main.storyboard;
			sourceTree = "<group>";
		};
		04CA0A901A591941002C6CF3 /* LaunchScreen.xib */ = {
			isa = PBXVariantGroup;
			children = (
				04CA0A911A591941002C6CF3 /* Base */,
			);
			name = LaunchScreen.xib;
			sourceTree = "<group>";
		};
/* End PBXVariantGroup section */

/* Begin XCBuildConfiguration section */
		04CA0A9F1A591941002C6CF3 /* Debug */ = {
			isa = XCBuildConfiguration;
			buildSettings = {
				ALWAYS_SEARCH_USER_PATHS = NO;
				CLANG_CXX_LANGUAGE_STANDARD = "gnu++0x";
				CLANG_CXX_LIBRARY = "libc++";
				CLANG_ENABLE_MODULES = YES;
				CLANG_ENABLE_OBJC_ARC = YES;
				CLANG_WARN_BOOL_CONVERSION = YES;
				CLANG_WARN_CONSTANT_CONVERSION = YES;
				CLANG_WARN_DIRECT_OBJC_ISA_USAGE = YES_ERROR;
				CLANG_WARN_EMPTY_BODY = YES;
				CLANG_WARN_ENUM_CONVERSION = YES;
				CLANG_WARN_INT_CONVERSION = YES;
				CLANG_WARN_OBJC_ROOT_CLASS = YES_ERROR;
				CLANG_WARN_UNREACHABLE_CODE = YES;
				CLANG_WARN__DUPLICATE_METHOD_MATCH = YES;
				"CODE_SIGN_IDENTITY[sdk=iphoneos*]" = "iPhone Developer";
				COPY_PHASE_STRIP = NO;
				ENABLE_STRICT_OBJC_MSGSEND = YES;
				GCC_C_LANGUAGE_STANDARD = gnu99;
				GCC_DYNAMIC_NO_PIC = NO;
				GCC_OPTIMIZATION_LEVEL = 0;
				GCC_PREPROCESSOR_DEFINITIONS = (
					"DEBUG=1",
					"$(inherited)",
				);
				GCC_SYMBOLS_PRIVATE_EXTERN = NO;
				GCC_WARN_64_TO_32_BIT_CONVERSION = YES;
				GCC_WARN_ABOUT_RETURN_TYPE = YES_ERROR;
				GCC_WARN_UNDECLARED_SELECTOR = YES;
				GCC_WARN_UNINITIALIZED_AUTOS = YES_AGGRESSIVE;
				GCC_WARN_UNUSED_FUNCTION = YES;
				GCC_WARN_UNUSED_VARIABLE = YES;
				IPHONEOS_DEPLOYMENT_TARGET = 8.1;
				MTL_ENABLE_DEBUG_INFO = YES;
				ONLY_ACTIVE_ARCH = YES;
				SDKROOT = iphoneos;
				SWIFT_OPTIMIZATION_LEVEL = "-Onone";
				TARGETED_DEVICE_FAMILY = "1,2";
			};
			name = Debug;
		};
		04CA0AA01A591941002C6CF3 /* Release */ = {
			isa = XCBuildConfiguration;
			buildSettings = {
				ALWAYS_SEARCH_USER_PATHS = NO;
				CLANG_CXX_LANGUAGE_STANDARD = "gnu++0x";
				CLANG_CXX_LIBRARY = "libc++";
				CLANG_ENABLE_MODULES = YES;
				CLANG_ENABLE_OBJC_ARC = YES;
				CLANG_WARN_BOOL_CONVERSION = YES;
				CLANG_WARN_CONSTANT_CONVERSION = YES;
				CLANG_WARN_DIRECT_OBJC_ISA_USAGE = YES_ERROR;
				CLANG_WARN_EMPTY_BODY = YES;
				CLANG_WARN_ENUM_CONVERSION = YES;
				CLANG_WARN_INT_CONVERSION = YES;
				CLANG_WARN_OBJC_ROOT_CLASS = YES_ERROR;
				CLANG_WARN_UNREACHABLE_CODE = YES;
				CLANG_WARN__DUPLICATE_METHOD_MATCH = YES;
				"CODE_SIGN_IDENTITY[sdk=iphoneos*]" = "iPhone Developer";
				COPY_PHASE_STRIP = YES;
				ENABLE_NS_ASSERTIONS = NO;
				ENABLE_STRICT_OBJC_MSGSEND = YES;
				GCC_C_LANGUAGE_STANDARD = gnu99;
				GCC_WARN_64_TO_32_BIT_CONVERSION = YES;
				GCC_WARN_ABOUT_RETURN_TYPE = YES_ERROR;
				GCC_WARN_UNDECLARED_SELECTOR = YES;
				GCC_WARN_UNINITIALIZED_AUTOS = YES_AGGRESSIVE;
				GCC_WARN_UNUSED_FUNCTION = YES;
				GCC_WARN_UNUSED_VARIABLE = YES;
				IPHONEOS_DEPLOYMENT_TARGET = 8.1;
				MTL_ENABLE_DEBUG_INFO = NO;
				SDKROOT = iphoneos;
				TARGETED_DEVICE_FAMILY = "1,2";
				VALIDATE_PRODUCT = YES;
			};
			name = Release;
		};
		04CA0AA21A591941002C6CF3 /* Debug */ = {
			isa = XCBuildConfiguration;
			buildSettings = {
				ASSETCATALOG_COMPILER_APPICON_NAME = AppIcon;
				INFOPLIST_FILE = stripeexample/Info.plist;
				LD_RUNPATH_SEARCH_PATHS = "$(inherited) @executable_path/Frameworks";
				PRODUCT_NAME = "$(TARGET_NAME)";
				SWIFT_OBJC_BRIDGING_HEADER = "stripeexample/stripeexample-Bridging-Header.h";
			};
			name = Debug;
		};
		04CA0AA31A591941002C6CF3 /* Release */ = {
			isa = XCBuildConfiguration;
			buildSettings = {
				ASSETCATALOG_COMPILER_APPICON_NAME = AppIcon;
				INFOPLIST_FILE = stripeexample/Info.plist;
				LD_RUNPATH_SEARCH_PATHS = "$(inherited) @executable_path/Frameworks";
				PRODUCT_NAME = "$(TARGET_NAME)";
				SWIFT_OBJC_BRIDGING_HEADER = "stripeexample/stripeexample-Bridging-Header.h";
			};
			name = Release;
		};
		04CA0AA51A591941002C6CF3 /* Debug */ = {
			isa = XCBuildConfiguration;
			buildSettings = {
				BUNDLE_LOADER = "$(TEST_HOST)";
				FRAMEWORK_SEARCH_PATHS = (
					"$(SDKROOT)/Developer/Library/Frameworks",
					"$(inherited)",
				);
				GCC_PREPROCESSOR_DEFINITIONS = (
					"DEBUG=1",
					"$(inherited)",
				);
				INFOPLIST_FILE = stripeexampleTests/Info.plist;
				LD_RUNPATH_SEARCH_PATHS = "$(inherited) @executable_path/Frameworks @loader_path/Frameworks";
				PRODUCT_NAME = "$(TARGET_NAME)";
				TEST_HOST = "$(BUILT_PRODUCTS_DIR)/stripeexample.app/stripeexample";
			};
			name = Debug;
		};
		04CA0AA61A591941002C6CF3 /* Release */ = {
			isa = XCBuildConfiguration;
			buildSettings = {
				BUNDLE_LOADER = "$(TEST_HOST)";
				FRAMEWORK_SEARCH_PATHS = (
					"$(SDKROOT)/Developer/Library/Frameworks",
					"$(inherited)",
				);
				INFOPLIST_FILE = stripeexampleTests/Info.plist;
				LD_RUNPATH_SEARCH_PATHS = "$(inherited) @executable_path/Frameworks @loader_path/Frameworks";
				PRODUCT_NAME = "$(TARGET_NAME)";
				TEST_HOST = "$(BUILT_PRODUCTS_DIR)/stripeexample.app/stripeexample";
			};
			name = Release;
		};
/* End XCBuildConfiguration section */

/* Begin XCConfigurationList section */
		04CA0A7D1A591941002C6CF3 /* Build configuration list for PBXProject "stripeexample" */ = {
			isa = XCConfigurationList;
			buildConfigurations = (
				04CA0A9F1A591941002C6CF3 /* Debug */,
				04CA0AA01A591941002C6CF3 /* Release */,
			);
			defaultConfigurationIsVisible = 0;
			defaultConfigurationName = Release;
		};
		04CA0AA11A591941002C6CF3 /* Build configuration list for PBXNativeTarget "stripeexample" */ = {
			isa = XCConfigurationList;
			buildConfigurations = (
				04CA0AA21A591941002C6CF3 /* Debug */,
				04CA0AA31A591941002C6CF3 /* Release */,
			);
			defaultConfigurationIsVisible = 0;
		};
		04CA0AA41A591941002C6CF3 /* Build configuration list for PBXNativeTarget "stripeexampleTests" */ = {
			isa = XCConfigurationList;
			buildConfigurations = (
				04CA0AA51A591941002C6CF3 /* Debug */,
				04CA0AA61A591941002C6CF3 /* Release */,
			);
			defaultConfigurationIsVisible = 0;
		};
/* End XCConfigurationList section */
	};
	rootObject = 04CA0A7A1A591941002C6CF3 /* Project object */;
}
